
Microsoft Visual Studio Solution File, Format Version 12.00
# Visual Studio Version 17
VisualStudioVersion = 17.3.32825.248
MinimumVisualStudioVersion = 10.0.40219.1
Project("{FAE04EC0-301F-11D3-BF4B-00C04F79EFBC}") = "TODO_Login_Registration", "TODO_Login_Registration\TODO_Login_Registration.csproj", "{8E9CD214-2DF1-464A-ADBC-AE6EA875CAB9}"
EndProject
Global
	GlobalSection(SolutionConfigurationPlatforms) = preSolution
		Debug|Any CPU = Debug|Any CPU
		Release|Any CPU = Release|Any CPU
	EndGlobalSection
	GlobalSection(ProjectConfigurationPlatforms) = postSolution
		{8E9CD214-2DF1-464A-ADBC-AE6EA875CAB9}.Debug|Any CPU.ActiveCfg = Debug|Any CPU
		{8E9CD214-2DF1-464A-ADBC-AE6EA875CAB9}.Debug|Any CPU.Build.0 = Debug|Any CPU
		{8E9CD214-2DF1-464A-ADBC-AE6EA875CAB9}.Release|Any CPU.ActiveCfg = Release|Any CPU
		{8E9CD214-2DF1-464A-ADBC-AE6EA875CAB9}.Release|Any CPU.Build.0 = Release|Any CPU
	EndGlobalSection
	GlobalSection(SolutionProperties) = preSolution
		HideSolutionNode = FALSE
	EndGlobalSection
	GlobalSection(ExtensibilityGlobals) = postSolution
		SolutionGuid = {C6E19A5A-1ECB-44BF-A111-95463CE186F1}
	EndGlobalSection
EndGlobal
